
Microsoft Visual Studio Solution File, Format Version 12.00
# Visual Studio 14
VisualStudioVersion = 14.0.22823.1
MinimumVisualStudioVersion = 10.0.40219.1
Project("{FAE04EC0-301F-11D3-BF4B-00C04F79EFBC}") = "CookingGame", "CookingGame.csproj", "{8420CEEF-50B8-49AE-9A89-A6767F44EDEA}"
EndProject
Global
	GlobalSection(SolutionConfigurationPlatforms) = preSolution
		Debug|Any CPU = Debug|Any CPU
		Release|Any CPU = Release|Any CPU
	EndGlobalSection
	GlobalSection(ProjectConfigurationPlatforms) = postSolution
		{8420CEEF-50B8-49AE-9A89-A6767F44EDEA}.Debug|Any CPU.ActiveCfg = Debug|Any CPU
		{8420CEEF-50B8-49AE-9A89-A6767F44EDEA}.Debug|Any CPU.Build.0 = Debug|Any CPU
		{8420CEEF-50B8-49AE-9A89-A6767F44EDEA}.Release|Any CPU.ActiveCfg = Release|Any CPU
		{8420CEEF-50B8-49AE-9A89-A6767F44EDEA}.Release|Any CPU.Build.0 = Release|Any CPU
	EndGlobalSection
	GlobalSection(SolutionProperties) = preSolution
		HideSolutionNode = FALSE
	EndGlobalSection
EndGlobal
